
Microsoft Visual Studio Solution File, Format Version 12.00
# Visual Studio Version 17
VisualStudioVersion = 17.5.33530.505
MinimumVisualStudioVersion = 10.0.40219.1
Project("{FAE04EC0-301F-11D3-BF4B-00C04F79EFBC}") = "FormBD", "FormBD\FormBD.csproj", "{87F8D473-145D-4083-8E89-7F7B7FBB6BD1}"
EndProject
Global
	GlobalSection(SolutionConfigurationPlatforms) = preSolution
		Debug|Any CPU = Debug|Any CPU
		Release|Any CPU = Release|Any CPU
	EndGlobalSection
	GlobalSection(ProjectConfigurationPlatforms) = postSolution
		{87F8D473-145D-4083-8E89-7F7B7FBB6BD1}.Debug|Any CPU.ActiveCfg = Debug|Any CPU
		{87F8D473-145D-4083-8E89-7F7B7FBB6BD1}.Debug|Any CPU.Build.0 = Debug|Any CPU
		{87F8D473-145D-4083-8E89-7F7B7FBB6BD1}.Release|Any CPU.ActiveCfg = Release|Any CPU
		{87F8D473-145D-4083-8E89-7F7B7FBB6BD1}.Release|Any CPU.Build.0 = Release|Any CPU
	EndGlobalSection
	GlobalSection(SolutionProperties) = preSolution
		HideSolutionNode = FALSE
	EndGlobalSection
	GlobalSection(ExtensibilityGlobals) = postSolution
		SolutionGuid = {81290DD9-5E22-435F-B8E1-9422B148F237}
	EndGlobalSection
EndGlobal
